// !$*UTF8*$!
{
	archiveVersion = 1;
	classes = {
	};
	objectVersion = 46;
	objects = {

/* Begin PBXBuildFile section */
		0D031D4D15F5788100B24F3C /* ABContact.h in Headers */ = {isa = PBXBuildFile; fileRef = 0D031D4715F5788100B24F3C /* ABContact.h */; };
		0D031D4E15F5788100B24F3C /* ABContact.m in Sources */ = {isa = PBXBuildFile; fileRef = 0D031D4815F5788100B24F3C /* ABContact.m */; };
		0D031D4F15F5788100B24F3C /* ABContactsHelper.h in Headers */ = {isa = PBXBuildFile; fileRef = 0D031D4915F5788100B24F3C /* ABContactsHelper.h */; };
		0D031D5015F5788100B24F3C /* ABContactsHelper.m in Sources */ = {isa = PBXBuildFile; fileRef = 0D031D4A15F5788100B24F3C /* ABContactsHelper.m */; };
		0D031D5115F5788100B24F3C /* ABGroup.h in Headers */ = {isa = PBXBuildFile; fileRef = 0D031D4B15F5788100B24F3C /* ABGroup.h */; };
		0D031D5215F5788100B24F3C /* ABGroup.m in Sources */ = {isa = PBXBuildFile; fileRef = 0D031D4C15F5788100B24F3C /* ABGroup.m */; };
		0D04F84F15D0AC1D0068C91E /* DebugTools.h in Headers */ = {isa = PBXBuildFile; fileRef = 0D04F84915D0AC1D0068C91E /* DebugTools.h */; };
		0D04F85015D0AC1D0068C91E /* DebugTools.m in Sources */ = {isa = PBXBuildFile; fileRef = 0D04F84A15D0AC1D0068C91E /* DebugTools.m */; };
		0D04F85115D0AC1D0068C91E /* SubstrateAdditions.h in Headers */ = {isa = PBXBuildFile; fileRef = 0D04F84B15D0AC1D0068C91E /* SubstrateAdditions.h */; };
		0D04F85215D0AC1D0068C91E /* SubstrateAdditions.m in Sources */ = {isa = PBXBuildFile; fileRef = 0D04F84C15D0AC1D0068C91E /* SubstrateAdditions.m */; };
		0D04F85315D0AC1D0068C91E /* UIView+LTKAdditions.h in Headers */ = {isa = PBXBuildFile; fileRef = 0D04F84D15D0AC1D0068C91E /* UIView+LTKAdditions.h */; };
		0D04F85415D0AC1D0068C91E /* UIView+LTKAdditions.m in Sources */ = {isa = PBXBuildFile; fileRef = 0D04F84E15D0AC1D0068C91E /* UIView+LTKAdditions.m */; };
		0D19EF3F15C62FA500B5D4D6 /* UIKit.framework in Frameworks */ = {isa = PBXBuildFile; fileRef = 0D19EF3E15C62FA500B5D4D6 /* UIKit.framework */; };
		0D19EF4215C62FA900B5D4D6 /* QuartzCore.framework in Frameworks */ = {isa = PBXBuildFile; fileRef = 0D19EF4115C62FA900B5D4D6 /* QuartzCore.framework */; };
		0D19EF4415C631F600B5D4D6 /* CoreGraphics.framework in Frameworks */ = {isa = PBXBuildFile; fileRef = 0D19EF4315C631F600B5D4D6 /* CoreGraphics.framework */; };
		0D19EF4715C7780F00B5D4D6 /* MGTranscriptHeaderContext.h in Headers */ = {isa = PBXBuildFile; fileRef = 0D19EF4515C7780F00B5D4D6 /* MGTranscriptHeaderContext.h */; };
		0D19EF4815C7780F00B5D4D6 /* MGTranscriptHeaderContext.m in Sources */ = {isa = PBXBuildFile; fileRef = 0D19EF4615C7780F00B5D4D6 /* MGTranscriptHeaderContext.m */; };
		0D9C2E6315DB7A2B0009AB0A /* AddressBook.framework in Frameworks */ = {isa = PBXBuildFile; fileRef = 0D9C2E6215DB7A2B0009AB0A /* AddressBook.framework */; };
		0DA1604415BCD1D1002A4315 /* Foundation.framework in Frameworks */ = {isa = PBXBuildFile; fileRef = 0DA1604315BCD1D1002A4315 /* Foundation.framework */; };
		0DA1604F15BCD1D1002A4315 /* Merge.mm in Sources */ = {isa = PBXBuildFile; fileRef = 0DA1604E15BCD1D1002A4315 /* Merge.mm */; };
		0DA1606015BCD414002A4315 /* libsubstrate.dylib in Frameworks */ = {isa = PBXBuildFile; fileRef = 0DA1605F15BCD414002A4315 /* libsubstrate.dylib */; };
		0DA1606215BCD473002A4315 /* ChatKit.framework in Frameworks */ = {isa = PBXBuildFile; fileRef = 0DA1606115BCD473002A4315 /* ChatKit.framework */; };
		0DA1CAD215FD63DB001A36DA /* PSPDFKitImproveRecursiveDescription.m in Sources */ = {isa = PBXBuildFile; fileRef = 0DA1CAD115FD63DB001A36DA /* PSPDFKitImproveRecursiveDescription.m */; };
		0DD6F09615F6A713000B9998 /* MGAddressManager.h in Headers */ = {isa = PBXBuildFile; fileRef = 0DD6F09415F6A713000B9998 /* MGAddressManager.h */; };
		0DD6F09715F6A713000B9998 /* MGAddressManager.m in Sources */ = {isa = PBXBuildFile; fileRef = 0DD6F09515F6A713000B9998 /* MGAddressManager.m */; };
		0DDCB76215F6FEB10051D085 /* AddressBookUI.framework in Frameworks */ = {isa = PBXBuildFile; fileRef = 0DDCB76115F6FEB00051D085 /* AddressBookUI.framework */; };
		0DDCB76515F709850051D085 /* AppSupport.framework in Frameworks */ = {isa = PBXBuildFile; fileRef = 0DDCB76415F709850051D085 /* AppSupport.framework */; };
/* End PBXBuildFile section */

/* Begin PBXFileReference section */
		0D031D4715F5788100B24F3C /* ABContact.h */ = {isa = PBXFileReference; fileEncoding = 4; lastKnownFileType = sourcecode.c.h; name = ABContact.h; path = ABContactHelper/ABContact.h; sourceTree = "<group>"; };
		0D031D4815F5788100B24F3C /* ABContact.m */ = {isa = PBXFileReference; fileEncoding = 4; lastKnownFileType = sourcecode.c.objc; name = ABContact.m; path = ABContactHelper/ABContact.m; sourceTree = "<group>"; };
		0D031D4915F5788100B24F3C /* ABContactsHelper.h */ = {isa = PBXFileReference; fileEncoding = 4; lastKnownFileType = sourcecode.c.h; name = ABContactsHelper.h; path = ABContactHelper/ABContactsHelper.h; sourceTree = "<group>"; };
		0D031D4A15F5788100B24F3C /* ABContactsHelper.m */ = {isa = PBXFileReference; fileEncoding = 4; lastKnownFileType = sourcecode.c.objc; name = ABContactsHelper.m; path = ABContactHelper/ABContactsHelper.m; sourceTree = "<group>"; };
		0D031D4B15F5788100B24F3C /* ABGroup.h */ = {isa = PBXFileReference; fileEncoding = 4; lastKnownFileType = sourcecode.c.h; name = ABGroup.h; path = ABContactHelper/ABGroup.h; sourceTree = "<group>"; };
		0D031D4C15F5788100B24F3C /* ABGroup.m */ = {isa = PBXFileReference; fileEncoding = 4; lastKnownFileType = sourcecode.c.objc; name = ABGroup.m; path = ABContactHelper/ABGroup.m; sourceTree = "<group>"; };
		0D04F84915D0AC1D0068C91E /* DebugTools.h */ = {isa = PBXFileReference; fileEncoding = 4; lastKnownFileType = sourcecode.c.h; name = DebugTools.h; path = ARSharedHelpers/DebugTools.h; sourceTree = "<group>"; };
		0D04F84A15D0AC1D0068C91E /* DebugTools.m */ = {isa = PBXFileReference; fileEncoding = 4; lastKnownFileType = sourcecode.c.objc; name = DebugTools.m; path = ARSharedHelpers/DebugTools.m; sourceTree = "<group>"; };
		0D04F84B15D0AC1D0068C91E /* SubstrateAdditions.h */ = {isa = PBXFileReference; fileEncoding = 4; lastKnownFileType = sourcecode.c.h; name = SubstrateAdditions.h; path = ARSharedHelpers/SubstrateAdditions.h; sourceTree = "<group>"; };
		0D04F84C15D0AC1D0068C91E /* SubstrateAdditions.m */ = {isa = PBXFileReference; fileEncoding = 4; lastKnownFileType = sourcecode.c.objc; name = SubstrateAdditions.m; path = ARSharedHelpers/SubstrateAdditions.m; sourceTree = "<group>"; };
		0D04F84D15D0AC1D0068C91E /* UIView+LTKAdditions.h */ = {isa = PBXFileReference; fileEncoding = 4; lastKnownFileType = sourcecode.c.h; name = "UIView+LTKAdditions.h"; path = "ARSharedHelpers/UIView+LTKAdditions.h"; sourceTree = "<group>"; };
		0D04F84E15D0AC1D0068C91E /* UIView+LTKAdditions.m */ = {isa = PBXFileReference; fileEncoding = 4; lastKnownFileType = sourcecode.c.objc; name = "UIView+LTKAdditions.m"; path = "ARSharedHelpers/UIView+LTKAdditions.m"; sourceTree = "<group>"; };
		0D19EF3E15C62FA500B5D4D6 /* UIKit.framework */ = {isa = PBXFileReference; lastKnownFileType = wrapper.framework; name = UIKit.framework; path = Platforms/iPhoneOS.platform/Developer/SDKs/iPhoneOS5.1.sdk/System/Library/Frameworks/UIKit.framework; sourceTree = DEVELOPER_DIR; };
		0D19EF4115C62FA900B5D4D6 /* QuartzCore.framework */ = {isa = PBXFileReference; lastKnownFileType = wrapper.framework; name = QuartzCore.framework; path = Platforms/iPhoneOS.platform/Developer/SDKs/iPhoneOS5.1.sdk/System/Library/Frameworks/QuartzCore.framework; sourceTree = DEVELOPER_DIR; };
		0D19EF4315C631F600B5D4D6 /* CoreGraphics.framework */ = {isa = PBXFileReference; lastKnownFileType = wrapper.framework; name = CoreGraphics.framework; path = Platforms/iPhoneOS.platform/Developer/SDKs/iPhoneOS5.1.sdk/System/Library/Frameworks/CoreGraphics.framework; sourceTree = DEVELOPER_DIR; };
		0D19EF4515C7780F00B5D4D6 /* MGTranscriptHeaderContext.h */ = {isa = PBXFileReference; fileEncoding = 4; lastKnownFileType = sourcecode.c.h; path = MGTranscriptHeaderContext.h; sourceTree = "<group>"; };
		0D19EF4615C7780F00B5D4D6 /* MGTranscriptHeaderContext.m */ = {isa = PBXFileReference; fileEncoding = 4; lastKnownFileType = sourcecode.c.objc; path = MGTranscriptHeaderContext.m; sourceTree = "<group>"; };
		0D9C2E6215DB7A2B0009AB0A /* AddressBook.framework */ = {isa = PBXFileReference; lastKnownFileType = wrapper.framework; name = AddressBook.framework; path = System/Library/Frameworks/AddressBook.framework; sourceTree = SDKROOT; };
		0DA1604015BCD1D0002A4315 /* Merge.dylib */ = {isa = PBXFileReference; explicitFileType = "compiled.mach-o.dylib"; includeInIndex = 0; path = Merge.dylib; sourceTree = BUILT_PRODUCTS_DIR; };
		0DA1604315BCD1D1002A4315 /* Foundation.framework */ = {isa = PBXFileReference; lastKnownFileType = wrapper.framework; name = Foundation.framework; path = System/Library/Frameworks/Foundation.framework; sourceTree = SDKROOT; };
		0DA1604815BCD1D1002A4315 /* control.txt */ = {isa = PBXFileReference; lastKnownFileType = text; name = control.txt; path = Package/DEBIAN/control.txt; sourceTree = "<group>"; };
		0DA1604915BCD1D1002A4315 /* control */ = {isa = PBXFileReference; lastKnownFileType = text; name = control; path = Package/DEBIAN/control; sourceTree = "<group>"; };
		0DA1604B15BCD1D1002A4315 /* PackageVersion.plist */ = {isa = PBXFileReference; lastKnownFileType = text.plist.xml; path = PackageVersion.plist; sourceTree = "<group>"; };
		0DA1604C15BCD1D1002A4315 /* Merge-Prefix.pch */ = {isa = PBXFileReference; lastKnownFileType = sourcecode.c.h; path = "Merge-Prefix.pch"; sourceTree = "<group>"; };
		0DA1604D15BCD1D1002A4315 /* Merge.xm */ = {isa = PBXFileReference; lastKnownFileType = sourcecode.cpp.objcpp; path = Merge.xm; sourceTree = "<group>"; xcLanguageSpecificationIdentifier = xcode.lang.objcpp; };
		0DA1604E15BCD1D1002A4315 /* Merge.mm */ = {isa = PBXFileReference; lastKnownFileType = sourcecode.cpp.objcpp; path = Merge.mm; sourceTree = "<group>"; };
		0DA1605315BCD1D1002A4315 /* Merge.plist */ = {isa = PBXFileReference; lastKnownFileType = text.plist.xml; name = Merge.plist; path = Package/Library/MobileSubstrate/DynamicLibraries/Merge.plist; sourceTree = "<group>"; };
		0DA1605F15BCD414002A4315 /* libsubstrate.dylib */ = {isa = PBXFileReference; lastKnownFileType = "compiled.mach-o.dylib"; name = libsubstrate.dylib; path = /opt/iOSOpenDev/lib/libsubstrate.dylib; sourceTree = "<absolute>"; };
		0DA1606115BCD473002A4315 /* ChatKit.framework */ = {isa = PBXFileReference; lastKnownFileType = wrapper.framework; name = ChatKit.framework; path = "/Applications/Xcode45-DP4.app/Contents/Developer/Platforms/iPhoneOS.platform/Developer/SDKs/iPhoneOS5.1.sdk/System/Library/PrivateFrameworks/ChatKit.framework"; sourceTree = "<absolute>"; };
		0DA1CAD115FD63DB001A36DA /* PSPDFKitImproveRecursiveDescription.m */ = {isa = PBXFileReference; fileEncoding = 4; lastKnownFileType = sourcecode.c.objc; path = PSPDFKitImproveRecursiveDescription.m; sourceTree = "<group>"; };
		0DD6F09415F6A713000B9998 /* MGAddressManager.h */ = {isa = PBXFileReference; fileEncoding = 4; lastKnownFileType = sourcecode.c.h; path = MGAddressManager.h; sourceTree = "<group>"; };
		0DD6F09515F6A713000B9998 /* MGAddressManager.m */ = {isa = PBXFileReference; fileEncoding = 4; lastKnownFileType = sourcecode.c.objc; path = MGAddressManager.m; sourceTree = "<group>"; };
		0DDCB76115F6FEB00051D085 /* AddressBookUI.framework */ = {isa = PBXFileReference; lastKnownFileType = wrapper.framework; name = AddressBookUI.framework; path = System/Library/Frameworks/AddressBookUI.framework; sourceTree = SDKROOT; };
		0DDCB76415F709850051D085 /* AppSupport.framework */ = {isa = PBXFileReference; lastKnownFileType = wrapper.framework; name = AppSupport.framework; path = System/Library/PrivateFrameworks/AppSupport.framework; sourceTree = SDKROOT; };
/* End PBXFileReference section */

/* Begin PBXFrameworksBuildPhase section */
		0DA1603C15BCD1D0002A4315 /* Frameworks */ = {
			isa = PBXFrameworksBuildPhase;
			buildActionMask = 2147483647;
			files = (
				0DDCB76515F709850051D085 /* AppSupport.framework in Frameworks */,
				0DDCB76215F6FEB10051D085 /* AddressBookUI.framework in Frameworks */,
				0D9C2E6315DB7A2B0009AB0A /* AddressBook.framework in Frameworks */,
				0D19EF4415C631F600B5D4D6 /* CoreGraphics.framework in Frameworks */,
				0D19EF4215C62FA900B5D4D6 /* QuartzCore.framework in Frameworks */,
				0D19EF3F15C62FA500B5D4D6 /* UIKit.framework in Frameworks */,
				0DA1606215BCD473002A4315 /* ChatKit.framework in Frameworks */,
				0DA1606015BCD414002A4315 /* libsubstrate.dylib in Frameworks */,
				0DA1604415BCD1D1002A4315 /* Foundation.framework in Frameworks */,
			);
			runOnlyForDeploymentPostprocessing = 0;
		};
/* End PBXFrameworksBuildPhase section */

/* Begin PBXGroup section */
		0D031D5415F5788A00B24F3C /* ABContactsHelper */ = {
			isa = PBXGroup;
			children = (
				0D031D4715F5788100B24F3C /* ABContact.h */,
				0D031D4815F5788100B24F3C /* ABContact.m */,
				0D031D4915F5788100B24F3C /* ABContactsHelper.h */,
				0D031D4A15F5788100B24F3C /* ABContactsHelper.m */,
				0D031D4B15F5788100B24F3C /* ABGroup.h */,
				0D031D4C15F5788100B24F3C /* ABGroup.m */,
			);
			name = ABContactsHelper;
			sourceTree = "<group>";
		};
		0DA1603315BCD1D0002A4315 = {
			isa = PBXGroup;
			children = (
				0DA1604515BCD1D1002A4315 /* Merge */,
				0DA1604215BCD1D0002A4315 /* Frameworks */,
				0DA1604115BCD1D0002A4315 /* Products */,
			);
			sourceTree = "<group>";
		};
		0DA1604115BCD1D0002A4315 /* Products */ = {
			isa = PBXGroup;
			children = (
				0DA1604015BCD1D0002A4315 /* Merge.dylib */,
			);
			name = Products;
			sourceTree = "<group>";
		};
		0DA1604215BCD1D0002A4315 /* Frameworks */ = {
			isa = PBXGroup;
			children = (
				0DDCB76415F709850051D085 /* AppSupport.framework */,
				0DDCB76115F6FEB00051D085 /* AddressBookUI.framework */,
				0D9C2E6215DB7A2B0009AB0A /* AddressBook.framework */,
				0D19EF4315C631F600B5D4D6 /* CoreGraphics.framework */,
				0D19EF4115C62FA900B5D4D6 /* QuartzCore.framework */,
				0D19EF3E15C62FA500B5D4D6 /* UIKit.framework */,
				0DA1606115BCD473002A4315 /* ChatKit.framework */,
				0DA1605F15BCD414002A4315 /* libsubstrate.dylib */,
				0DA1604315BCD1D1002A4315 /* Foundation.framework */,
			);
			name = Frameworks;
			sourceTree = "<group>";
		};
		0DA1604515BCD1D1002A4315 /* Merge */ = {
			isa = PBXGroup;
			children = (
				0DA1604D15BCD1D1002A4315 /* Merge.xm */,
				0DD6F09415F6A713000B9998 /* MGAddressManager.h */,
				0DD6F09515F6A713000B9998 /* MGAddressManager.m */,
				0DA1604E15BCD1D1002A4315 /* Merge.mm */,
				0D19EF4515C7780F00B5D4D6 /* MGTranscriptHeaderContext.h */,
				0D19EF4615C7780F00B5D4D6 /* MGTranscriptHeaderContext.m */,
				0DA1604615BCD1D1002A4315 /* Package */,
				0DA1604A15BCD1D1002A4315 /* Supporting Files */,
			);
			path = Merge;
			sourceTree = "<group>";
		};
		0DA1604615BCD1D1002A4315 /* Package */ = {
			isa = PBXGroup;
			children = (
				0DA1604715BCD1D1002A4315 /* DEBIAN */,
				0DA1605015BCD1D1002A4315 /* Library */,
			);
			name = Package;
			sourceTree = "<group>";
		};
		0DA1604715BCD1D1002A4315 /* DEBIAN */ = {
			isa = PBXGroup;
			children = (
				0DA1604815BCD1D1002A4315 /* control.txt */,
				0DA1604915BCD1D1002A4315 /* control */,
			);
			name = DEBIAN;
			sourceTree = "<group>";
		};
		0DA1604A15BCD1D1002A4315 /* Supporting Files */ = {
			isa = PBXGroup;
			children = (
				0DA1CAD015FD63DB001A36DA /* PSPDFKitImproveRecursiveDescription */,
				0D031D5415F5788A00B24F3C /* ABContactsHelper */,
				0D04F84915D0AC1D0068C91E /* DebugTools.h */,
				0D04F84A15D0AC1D0068C91E /* DebugTools.m */,
				0D04F84B15D0AC1D0068C91E /* SubstrateAdditions.h */,
				0D04F84C15D0AC1D0068C91E /* SubstrateAdditions.m */,
				0D04F84D15D0AC1D0068C91E /* UIView+LTKAdditions.h */,
				0D04F84E15D0AC1D0068C91E /* UIView+LTKAdditions.m */,
				0DA1604B15BCD1D1002A4315 /* PackageVersion.plist */,
				0DA1604C15BCD1D1002A4315 /* Merge-Prefix.pch */,
			);
			name = "Supporting Files";
			sourceTree = "<group>";
		};
		0DA1605015BCD1D1002A4315 /* Library */ = {
			isa = PBXGroup;
			children = (
				0DA1605115BCD1D1002A4315 /* MobileSubstrate */,
			);
			name = Library;
			sourceTree = "<group>";
		};
		0DA1605115BCD1D1002A4315 /* MobileSubstrate */ = {
			isa = PBXGroup;
			children = (
				0DA1605215BCD1D1002A4315 /* DynamicLibraries */,
			);
			name = MobileSubstrate;
			sourceTree = "<group>";
		};
		0DA1605215BCD1D1002A4315 /* DynamicLibraries */ = {
			isa = PBXGroup;
			children = (
				0DA1605315BCD1D1002A4315 /* Merge.plist */,
			);
			name = DynamicLibraries;
			sourceTree = "<group>";
		};
		0DA1CAD015FD63DB001A36DA /* PSPDFKitImproveRecursiveDescription */ = {
			isa = PBXGroup;
			children = (
				0DA1CAD115FD63DB001A36DA /* PSPDFKitImproveRecursiveDescription.m */,
			);
			path = PSPDFKitImproveRecursiveDescription;
			sourceTree = "<group>";
		};
/* End PBXGroup section */

/* Begin PBXHeadersBuildPhase section */
		0DA1603D15BCD1D0002A4315 /* Headers */ = {
			isa = PBXHeadersBuildPhase;
			buildActionMask = 2147483647;
			files = (
				0D19EF4715C7780F00B5D4D6 /* MGTranscriptHeaderContext.h in Headers */,
				0D04F84F15D0AC1D0068C91E /* DebugTools.h in Headers */,
				0D04F85115D0AC1D0068C91E /* SubstrateAdditions.h in Headers */,
				0D04F85315D0AC1D0068C91E /* UIView+LTKAdditions.h in Headers */,
				0D031D4D15F5788100B24F3C /* ABContact.h in Headers */,
				0D031D4F15F5788100B24F3C /* ABContactsHelper.h in Headers */,
				0D031D5115F5788100B24F3C /* ABGroup.h in Headers */,
				0DD6F09615F6A713000B9998 /* MGAddressManager.h in Headers */,
			);
			runOnlyForDeploymentPostprocessing = 0;
		};
/* End PBXHeadersBuildPhase section */

/* Begin PBXNativeTarget section */
		0DA1603F15BCD1D0002A4315 /* Merge */ = {
			isa = PBXNativeTarget;
			buildConfigurationList = 0DA1605615BCD1D1002A4315 /* Build configuration list for PBXNativeTarget "Merge" */;
			buildPhases = (
				0DA1603A15BCD1D0002A4315 /* ShellScript */,
				0DA1603B15BCD1D0002A4315 /* Sources */,
				0DA1603C15BCD1D0002A4315 /* Frameworks */,
				0DA1603D15BCD1D0002A4315 /* Headers */,
				0DA1603E15BCD1D0002A4315 /* ShellScript */,
			);
			buildRules = (
			);
			dependencies = (
			);
			name = Merge;
			productName = Merge;
			productReference = 0DA1604015BCD1D0002A4315 /* Merge.dylib */;
			productType = "com.apple.product-type.library.dynamic";
		};
/* End PBXNativeTarget section */

/* Begin PBXProject section */
		0DA1603515BCD1D0002A4315 /* Project object */ = {
			isa = PBXProject;
			attributes = {
				LastUpgradeCheck = 0450;
			};
			buildConfigurationList = 0DA1603815BCD1D0002A4315 /* Build configuration list for PBXProject "Merge" */;
			compatibilityVersion = "Xcode 3.2";
			developmentRegion = English;
			hasScannedForEncodings = 0;
			knownRegions = (
				en,
			);
			mainGroup = 0DA1603315BCD1D0002A4315;
			productRefGroup = 0DA1604115BCD1D0002A4315 /* Products */;
			projectDirPath = "";
			projectRoot = "";
			targets = (
				0DA1603F15BCD1D0002A4315 /* Merge */,
			);
		};
/* End PBXProject section */

/* Begin PBXShellScriptBuildPhase section */
		0DA1603A15BCD1D0002A4315 /* ShellScript */ = {
			isa = PBXShellScriptBuildPhase;
			buildActionMask = 2147483647;
			files = (
			);
			inputPaths = (
			);
			outputPaths = (
			);
			runOnlyForDeploymentPostprocessing = 0;
			shellPath = /bin/sh;
			shellScript = "/opt/iOSOpenDev/bin/iosod --xcbp-logos";
		};
		0DA1603E15BCD1D0002A4315 /* ShellScript */ = {
			isa = PBXShellScriptBuildPhase;
			buildActionMask = 2147483647;
			files = (
			);
			inputPaths = (
			);
			outputPaths = (
			);
			runOnlyForDeploymentPostprocessing = 0;
			shellPath = /bin/sh;
			shellScript = "/opt/iOSOpenDev/bin/iosod --xcbp";
		};
/* End PBXShellScriptBuildPhase section */

/* Begin PBXSourcesBuildPhase section */
		0DA1603B15BCD1D0002A4315 /* Sources */ = {
			isa = PBXSourcesBuildPhase;
			buildActionMask = 2147483647;
			files = (
				0D04F85015D0AC1D0068C91E /* DebugTools.m in Sources */,
				0DA1604F15BCD1D1002A4315 /* Merge.mm in Sources */,
				0D19EF4815C7780F00B5D4D6 /* MGTranscriptHeaderContext.m in Sources */,
				0D04F85215D0AC1D0068C91E /* SubstrateAdditions.m in Sources */,
				0D04F85415D0AC1D0068C91E /* UIView+LTKAdditions.m in Sources */,
				0D031D4E15F5788100B24F3C /* ABContact.m in Sources */,
				0D031D5015F5788100B24F3C /* ABContactsHelper.m in Sources */,
				0D031D5215F5788100B24F3C /* ABGroup.m in Sources */,
				0DD6F09715F6A713000B9998 /* MGAddressManager.m in Sources */,
				0DA1CAD215FD63DB001A36DA /* PSPDFKitImproveRecursiveDescription.m in Sources */,
			);
			runOnlyForDeploymentPostprocessing = 0;
		};
/* End PBXSourcesBuildPhase section */

/* Begin XCBuildConfiguration section */
		0D94C8DB15F929A300B2D2A5 /* Debug - UBC iPhone */ = {
			isa = XCBuildConfiguration;
			buildSettings = {
				COPY_PHASE_STRIP = NO;
				"COPY_PHASE_STRIP[sdk=*]" = NO;
				EXCLUDED_RECURSIVE_SEARCH_PATH_SUBDIRECTORIES = "*.nib *.lproj *.gch (*) .DS_Store CVS .svn .git .hg *.xcodeproj *.xcode *.pbproj *.pbxproj";
				FRAMEWORK_SEARCH_PATHS = "${SDKROOT}/System/Library/PrivateFrameworks";
				GCC_C_LANGUAGE_STANDARD = gnu99;
				GCC_DYNAMIC_NO_PIC = NO;
				GCC_OPTIMIZATION_LEVEL = 0;
				GCC_PREPROCESSOR_DEFINITIONS = (
					"DEBUG=1",
					"$(inherited)",
				);
				GCC_SYMBOLS_PRIVATE_EXTERN = NO;
				GCC_WARN_ABOUT_MISSING_PROTOTYPES = YES;
				GCC_WARN_ABOUT_RETURN_TYPE = YES;
				GCC_WARN_UNUSED_VARIABLE = YES;
				HEADER_SEARCH_PATHS = "$(iOSOpenDevPath)/include/**";
				IPHONEOS_DEPLOYMENT_TARGET = 5.1;
				LIBRARY_SEARCH_PATHS = "$(iOSOpenDevPath)/lib/**";
				SDKROOT = iphoneos5.1;
				TARGETED_DEVICE_FAMILY = "1,2";
				VALIDATE_PRODUCT = NO;
				iOSOpenDevPath = /opt/iOSOpenDev;
			};
			name = "Debug - UBC iPhone";
		};
		0D94C8DC15F929A300B2D2A5 /* Debug - UBC iPhone */ = {
			isa = XCBuildConfiguration;
			buildSettings = {
				DYLIB_COMPATIBILITY_VERSION = 1;
				DYLIB_CURRENT_VERSION = 1;
				FRAMEWORK_SEARCH_PATHS = (
					"$(inherited)",
					"${SDKROOT}/System/Library/PrivateFrameworks",
					"\"$(SDKROOT)$(SYSTEM_LIBRARY_DIR)/PrivateFrameworks\"",
				);
				GCC_PRECOMPILE_PREFIX_HEADER = YES;
				GCC_PREFIX_HEADER = "Merge/Merge-Prefix.pch";
				INSTALL_PATH = /Library/MobileSubstrate/DynamicLibraries;
				IPHONEOS_DEPLOYMENT_TARGET = 5.1;
				LIBRARY_SEARCH_PATHS = (
					"$(inherited)",
					"${SDKROOT}/System/Library/PrivateFrameworks/ChatKit.framework",
					/opt/iOSOpenDev/lib,
				);
				PRODUCT_NAME = "$(TARGET_NAME)";
				SDKROOT = iphoneos5.1;
				iOSOpenDevCopyOnBuild = NO;
				iOSOpenDevDevice = 128.189.197.156;
				iOSOpenDevInstallOnAnyBuild = YES;
				iOSOpenDevInstallOnProfiling = NO;
				iOSOpenDevRespringOnInstall = NO;
				iOSOpenDevUsePackageVersionPList = NO;
			};
			name = "Debug - UBC iPhone";
		};
		0DA1605415BCD1D1002A4315 /* Release */ = {
			isa = XCBuildConfiguration;
			buildSettings = {
				COPY_PHASE_STRIP = YES;
				EXCLUDED_RECURSIVE_SEARCH_PATH_SUBDIRECTORIES = "*.nib *.lproj *.gch (*) .DS_Store CVS .svn .git .hg *.xcodeproj *.xcode *.pbproj *.pbxproj";
				FRAMEWORK_SEARCH_PATHS = "${SDKROOT}/System/Library/PrivateFrameworks";
				GCC_C_LANGUAGE_STANDARD = gnu99;
				GCC_WARN_ABOUT_MISSING_PROTOTYPES = YES;
				GCC_WARN_ABOUT_RETURN_TYPE = YES;
				GCC_WARN_UNUSED_VARIABLE = YES;
				HEADER_SEARCH_PATHS = "$(iOSOpenDevPath)/include/**";
				IPHONEOS_DEPLOYMENT_TARGET = 5.1;
				LIBRARY_SEARCH_PATHS = "$(iOSOpenDevPath)/lib/**";
				SDKROOT = iphoneos5.1;
				TARGETED_DEVICE_FAMILY = "1,2";
				VALIDATE_PRODUCT = YES;
				iOSOpenDevPath = /opt/iOSOpenDev;
			};
			name = Release;
		};
		0DA1605515BCD1D1002A4315 /* Debug */ = {
			isa = XCBuildConfiguration;
			buildSettings = {
				COPY_PHASE_STRIP = NO;
				"COPY_PHASE_STRIP[sdk=*]" = NO;
				EXCLUDED_RECURSIVE_SEARCH_PATH_SUBDIRECTORIES = "*.nib *.lproj *.gch (*) .DS_Store CVS .svn .git .hg *.xcodeproj *.xcode *.pbproj *.pbxproj";
				FRAMEWORK_SEARCH_PATHS = "${SDKROOT}/System/Library/PrivateFrameworks";
				GCC_C_LANGUAGE_STANDARD = gnu99;
				GCC_DYNAMIC_NO_PIC = NO;
				GCC_OPTIMIZATION_LEVEL = 0;
				GCC_PREPROCESSOR_DEFINITIONS = (
					"DEBUG=1",
					"$(inherited)",
				);
				GCC_SYMBOLS_PRIVATE_EXTERN = NO;
				GCC_WARN_ABOUT_MISSING_PROTOTYPES = YES;
				GCC_WARN_ABOUT_RETURN_TYPE = YES;
				GCC_WARN_UNUSED_VARIABLE = YES;
				HEADER_SEARCH_PATHS = "$(iOSOpenDevPath)/include/**";
				IPHONEOS_DEPLOYMENT_TARGET = 5.1;
				LIBRARY_SEARCH_PATHS = "$(iOSOpenDevPath)/lib/**";
				SDKROOT = iphoneos5.1;
				TARGETED_DEVICE_FAMILY = "1,2";
				VALIDATE_PRODUCT = NO;
				iOSOpenDevPath = /opt/iOSOpenDev;
			};
			name = Debug;
		};
		0DA1605715BCD1D1002A4315 /* Release */ = {
			isa = XCBuildConfiguration;
			buildSettings = {
				DYLIB_COMPATIBILITY_VERSION = 1;
				DYLIB_CURRENT_VERSION = 1;
				FRAMEWORK_SEARCH_PATHS = (
					"$(inherited)",
					"${SDKROOT}/System/Library/PrivateFrameworks",
					"\"$(SDKROOT)$(SYSTEM_LIBRARY_DIR)/PrivateFrameworks\"",
				);
				GCC_PRECOMPILE_PREFIX_HEADER = YES;
				GCC_PREFIX_HEADER = "Merge/Merge-Prefix.pch";
				INSTALL_PATH = /Library/MobileSubstrate/DynamicLibraries;
				IPHONEOS_DEPLOYMENT_TARGET = 5.1;
				LIBRARY_SEARCH_PATHS = (
					"$(inherited)",
					"${SDKROOT}/System/Library/PrivateFrameworks/ChatKit.framework",
					/opt/iOSOpenDev/lib,
				);
				PRODUCT_NAME = "$(TARGET_NAME)";
				SDKROOT = iphoneos5.1;
				iOSOpenDevCopyOnBuild = NO;
				iOSOpenDevDevice = "";
				iOSOpenDevInstallOnAnyBuild = YES;
				iOSOpenDevInstallOnProfiling = NO;
				iOSOpenDevRespringOnInstall = NO;
				iOSOpenDevUsePackageVersionPList = NO;
			};
			name = Release;
		};
		0DA1605815BCD1D1002A4315 /* Debug */ = {
			isa = XCBuildConfiguration;
			buildSettings = {
				DYLIB_COMPATIBILITY_VERSION = 1;
				DYLIB_CURRENT_VERSION = 1;
				FRAMEWORK_SEARCH_PATHS = (
					"$(inherited)",
					"${SDKROOT}/System/Library/PrivateFrameworks",
					"\"$(SDKROOT)$(SYSTEM_LIBRARY_DIR)/PrivateFrameworks\"",
				);
				GCC_PRECOMPILE_PREFIX_HEADER = YES;
				GCC_PREFIX_HEADER = "Merge/Merge-Prefix.pch";
				INSTALL_PATH = /Library/MobileSubstrate/DynamicLibraries;
				IPHONEOS_DEPLOYMENT_TARGET = 5.1;
				LIBRARY_SEARCH_PATHS = (
					"$(inherited)",
					"${SDKROOT}/System/Library/PrivateFrameworks/ChatKit.framework",
					/opt/iOSOpenDev/lib,
				);
				PRODUCT_NAME = "$(TARGET_NAME)";
				SDKROOT = iphoneos5.1;
				iOSOpenDevCopyOnBuild = NO;
				iOSOpenDevDevice = "";
				iOSOpenDevInstallOnAnyBuild = YES;
				iOSOpenDevInstallOnProfiling = NO;
				iOSOpenDevRespringOnInstall = NO;
				iOSOpenDevUsePackageVersionPList = NO;
			};
			name = Debug;
		};
		0DA1605B15BCD3B8002A4315 /* Debug - iPad */ = {
			isa = XCBuildConfiguration;
			buildSettings = {
				COPY_PHASE_STRIP = NO;
				EXCLUDED_RECURSIVE_SEARCH_PATH_SUBDIRECTORIES = "*.nib *.lproj *.gch (*) .DS_Store CVS .svn .git .hg *.xcodeproj *.xcode *.pbproj *.pbxproj";
				FRAMEWORK_SEARCH_PATHS = "${SDKROOT}/System/Library/PrivateFrameworks";
				GCC_C_LANGUAGE_STANDARD = gnu99;
				GCC_DYNAMIC_NO_PIC = NO;
				GCC_OPTIMIZATION_LEVEL = 0;
				GCC_PREPROCESSOR_DEFINITIONS = (
					"DEBUG=1",
					"$(inherited)",
				);
				GCC_SYMBOLS_PRIVATE_EXTERN = NO;
				GCC_WARN_ABOUT_MISSING_PROTOTYPES = YES;
				GCC_WARN_ABOUT_RETURN_TYPE = YES;
				GCC_WARN_UNUSED_VARIABLE = YES;
				HEADER_SEARCH_PATHS = "$(iOSOpenDevPath)/include/**";
				IPHONEOS_DEPLOYMENT_TARGET = 5.1;
				LIBRARY_SEARCH_PATHS = "$(iOSOpenDevPath)/lib/**";
				SDKROOT = iphoneos5.1;
				TARGETED_DEVICE_FAMILY = "1,2";
				VALIDATE_PRODUCT = NO;
				iOSOpenDevPath = /opt/iOSOpenDev;
			};
			name = "Debug - iPad";
		};
		0DA1605C15BCD3B8002A4315 /* Debug - iPad */ = {
			isa = XCBuildConfiguration;
			buildSettings = {
				DYLIB_COMPATIBILITY_VERSION = 1;
				DYLIB_CURRENT_VERSION = 1;
				FRAMEWORK_SEARCH_PATHS = (
					"$(inherited)",
					"${SDKROOT}/System/Library/PrivateFrameworks",
					"\"$(SDKROOT)$(SYSTEM_LIBRARY_DIR)/PrivateFrameworks\"",
				);
				GCC_PRECOMPILE_PREFIX_HEADER = YES;
				GCC_PREFIX_HEADER = "Merge/Merge-Prefix.pch";
				INSTALL_PATH = /Library/MobileSubstrate/DynamicLibraries;
				IPHONEOS_DEPLOYMENT_TARGET = 5.1;
				LIBRARY_SEARCH_PATHS = (
					"$(inherited)",
					"${SDKROOT}/System/Library/PrivateFrameworks/ChatKit.framework",
					/opt/iOSOpenDev/lib,
				);
				PRODUCT_NAME = "$(TARGET_NAME)";
				SDKROOT = iphoneos5.1;
				iOSOpenDevCopyOnBuild = NO;
				iOSOpenDevDevice = 192.168.1.127;
				iOSOpenDevInstallOnAnyBuild = YES;
				iOSOpenDevInstallOnProfiling = NO;
				iOSOpenDevRespringOnInstall = NO;
				iOSOpenDevUsePackageVersionPList = NO;
			};
			name = "Debug - iPad";
		};
		0DA1605D15BCD3C1002A4315 /* Release - iPad */ = {
			isa = XCBuildConfiguration;
			buildSettings = {
				COPY_PHASE_STRIP = YES;
				EXCLUDED_RECURSIVE_SEARCH_PATH_SUBDIRECTORIES = "*.nib *.lproj *.gch (*) .DS_Store CVS .svn .git .hg *.xcodeproj *.xcode *.pbproj *.pbxproj";
				FRAMEWORK_SEARCH_PATHS = "${SDKROOT}/System/Library/PrivateFrameworks";
				GCC_C_LANGUAGE_STANDARD = gnu99;
				GCC_WARN_ABOUT_MISSING_PROTOTYPES = YES;
				GCC_WARN_ABOUT_RETURN_TYPE = YES;
				GCC_WARN_UNUSED_VARIABLE = YES;
				HEADER_SEARCH_PATHS = "$(iOSOpenDevPath)/include/**";
				IPHONEOS_DEPLOYMENT_TARGET = 5.1;
				LIBRARY_SEARCH_PATHS = "$(iOSOpenDevPath)/lib/**";
				SDKROOT = iphoneos5.1;
				TARGETED_DEVICE_FAMILY = "1,2";
				VALIDATE_PRODUCT = YES;
				iOSOpenDevPath = /opt/iOSOpenDev;
			};
			name = "Release - iPad";
		};
		0DA1605E15BCD3C1002A4315 /* Release - iPad */ = {
			isa = XCBuildConfiguration;
			buildSettings = {
				DYLIB_COMPATIBILITY_VERSION = 1;
				DYLIB_CURRENT_VERSION = 1;
				FRAMEWORK_SEARCH_PATHS = (
					"$(inherited)",
					"${SDKROOT}/System/Library/PrivateFrameworks",
					"\"$(SDKROOT)$(SYSTEM_LIBRARY_DIR)/PrivateFrameworks\"",
				);
				GCC_PRECOMPILE_PREFIX_HEADER = YES;
				GCC_PREFIX_HEADER = "Merge/Merge-Prefix.pch";
				INSTALL_PATH = /Library/MobileSubstrate/DynamicLibraries;
				IPHONEOS_DEPLOYMENT_TARGET = 5.1;
				LIBRARY_SEARCH_PATHS = (
					"$(inherited)",
					"${SDKROOT}/System/Library/PrivateFrameworks/ChatKit.framework",
					/opt/iOSOpenDev/lib,
				);
				PRODUCT_NAME = "$(TARGET_NAME)";
				SDKROOT = iphoneos5.1;
				iOSOpenDevCopyOnBuild = NO;
				iOSOpenDevDevice = 192.168.1.127;
				iOSOpenDevInstallOnAnyBuild = YES;
				iOSOpenDevInstallOnProfiling = NO;
				iOSOpenDevRespringOnInstall = NO;
				iOSOpenDevUsePackageVersionPList = NO;
			};
			name = "Release - iPad";
		};
/* End XCBuildConfiguration section */

/* Begin XCConfigurationList section */
		0DA1603815BCD1D0002A4315 /* Build configuration list for PBXProject "Merge" */ = {
			isa = XCConfigurationList;
			buildConfigurations = (
				0DA1605415BCD1D1002A4315 /* Release */,
				0DA1605D15BCD3C1002A4315 /* Release - iPad */,
				0DA1605515BCD1D1002A4315 /* Debug */,
				0D94C8DB15F929A300B2D2A5 /* Debug - UBC iPhone */,
				0DA1605B15BCD3B8002A4315 /* Debug - iPad */,
			);
			defaultConfigurationIsVisible = 0;
			defaultConfigurationName = Debug;
		};
		0DA1605615BCD1D1002A4315 /* Build configuration list for PBXNativeTarget "Merge" */ = {
			isa = XCConfigurationList;
			buildConfigurations = (
				0DA1605715BCD1D1002A4315 /* Release */,
				0DA1605E15BCD3C1002A4315 /* Release - iPad */,
				0DA1605815BCD1D1002A4315 /* Debug */,
				0D94C8DC15F929A300B2D2A5 /* Debug - UBC iPhone */,
				0DA1605C15BCD3B8002A4315 /* Debug - iPad */,
			);
			defaultConfigurationIsVisible = 0;
			defaultConfigurationName = Debug;
		};
/* End XCConfigurationList section */
	};
	rootObject = 0DA1603515BCD1D0002A4315 /* Project object */;
}
